
Microsoft Visual Studio Solution File, Format Version 12.00
# Visual Studio 14
VisualStudioVersion = 14.0.25420.1
MinimumVisualStudioVersion = 10.0.40219.1
Project("{FAE04EC0-301F-11D3-BF4B-00C04F79EFBC}") = "UI", "UI\UI.csproj", "{4A3447C3-A9A7-4503-A7D3-61DCFCE84DCD}"
EndProject
Project("{FAE04EC0-301F-11D3-BF4B-00C04F79EFBC}") = "jsondb-server", "jsondb-server\jsondb-server.csproj", "{D57376C5-E465-41FA-AAB6-3F268630F87B}"
EndProject
Global
	GlobalSection(SolutionConfigurationPlatforms) = preSolution
		Debug|Any CPU = Debug|Any CPU
		Release|Any CPU = Release|Any CPU
	EndGlobalSection
	GlobalSection(ProjectConfigurationPlatforms) = postSolution
		{4A3447C3-A9A7-4503-A7D3-61DCFCE84DCD}.Debug|Any CPU.ActiveCfg = Debug|Any CPU
		{4A3447C3-A9A7-4503-A7D3-61DCFCE84DCD}.Debug|Any CPU.Build.0 = Debug|Any CPU
		{4A3447C3-A9A7-4503-A7D3-61DCFCE84DCD}.Release|Any CPU.ActiveCfg = Release|Any CPU
		{4A3447C3-A9A7-4503-A7D3-61DCFCE84DCD}.Release|Any CPU.Build.0 = Release|Any CPU
		{D57376C5-E465-41FA-AAB6-3F268630F87B}.Debug|Any CPU.ActiveCfg = Debug|Any CPU
		{D57376C5-E465-41FA-AAB6-3F268630F87B}.Debug|Any CPU.Build.0 = Debug|Any CPU
		{D57376C5-E465-41FA-AAB6-3F268630F87B}.Release|Any CPU.ActiveCfg = Release|Any CPU
		{D57376C5-E465-41FA-AAB6-3F268630F87B}.Release|Any CPU.Build.0 = Release|Any CPU
	EndGlobalSection
	GlobalSection(SolutionProperties) = preSolution
		HideSolutionNode = FALSE
	EndGlobalSection
EndGlobal
