
Microsoft Visual Studio Solution File, Format Version 12.00
# Visual Studio 14
VisualStudioVersion = 14.0.25420.1
MinimumVisualStudioVersion = 10.0.40219.1
Project("{FAE04EC0-301F-11D3-BF4B-00C04F79EFBC}") = "jsondb-server", "jsondb-server\jsondb-server.csproj", "{D57376C5-E465-41FA-AAB6-3F268630F87B}"
EndProject
Project("{FAE04EC0-301F-11D3-BF4B-00C04F79EFBC}") = "jsondb", "jsondb\jsondb.csproj", "{98078549-A243-4062-B2D1-242B49BF71BC}"
EndProject
Project("{FAE04EC0-301F-11D3-BF4B-00C04F79EFBC}") = "jsondb-ui", "jsondb-ui\jsondb-ui.csproj", "{4A3447C3-A9A7-4503-A7D3-61DCFCE84DCD}"
EndProject
Project("{FAE04EC0-301F-11D3-BF4B-00C04F79EFBC}") = "jsondb-jql-editor", "jsondb-jql-editor\jsondb-jql-editor.csproj", "{5778F282-A4C8-4A97-A790-9E7005C5F9E7}"
EndProject
Project("{FAE04EC0-301F-11D3-BF4B-00C04F79EFBC}") = "jsondb-elevated-client", "jsondb-elevated-client\jsondb-elevated-client.csproj", "{4879947E-304A-4CBA-A3DF-7E1A540766A4}"
EndProject
Global
	GlobalSection(SolutionConfigurationPlatforms) = preSolution
		Debug|Any CPU = Debug|Any CPU
		Debug|x64 = Debug|x64
		Debug|x86 = Debug|x86
		Release|Any CPU = Release|Any CPU
		Release|x64 = Release|x64
		Release|x86 = Release|x86
	EndGlobalSection
	GlobalSection(ProjectConfigurationPlatforms) = postSolution
		{D57376C5-E465-41FA-AAB6-3F268630F87B}.Debug|Any CPU.ActiveCfg = Debug|Any CPU
		{D57376C5-E465-41FA-AAB6-3F268630F87B}.Debug|Any CPU.Build.0 = Debug|Any CPU
		{D57376C5-E465-41FA-AAB6-3F268630F87B}.Debug|x64.ActiveCfg = Debug|x64
		{D57376C5-E465-41FA-AAB6-3F268630F87B}.Debug|x64.Build.0 = Debug|x64
		{D57376C5-E465-41FA-AAB6-3F268630F87B}.Debug|x86.ActiveCfg = Debug|x86
		{D57376C5-E465-41FA-AAB6-3F268630F87B}.Debug|x86.Build.0 = Debug|x86
		{D57376C5-E465-41FA-AAB6-3F268630F87B}.Release|Any CPU.ActiveCfg = Release|Any CPU
		{D57376C5-E465-41FA-AAB6-3F268630F87B}.Release|Any CPU.Build.0 = Release|Any CPU
		{D57376C5-E465-41FA-AAB6-3F268630F87B}.Release|x64.ActiveCfg = Release|x64
		{D57376C5-E465-41FA-AAB6-3F268630F87B}.Release|x64.Build.0 = Release|x64
		{D57376C5-E465-41FA-AAB6-3F268630F87B}.Release|x86.ActiveCfg = Release|x86
		{D57376C5-E465-41FA-AAB6-3F268630F87B}.Release|x86.Build.0 = Release|x86
		{98078549-A243-4062-B2D1-242B49BF71BC}.Debug|Any CPU.ActiveCfg = Debug|Any CPU
		{98078549-A243-4062-B2D1-242B49BF71BC}.Debug|Any CPU.Build.0 = Debug|Any CPU
		{98078549-A243-4062-B2D1-242B49BF71BC}.Debug|x64.ActiveCfg = Debug|Any CPU
		{98078549-A243-4062-B2D1-242B49BF71BC}.Debug|x64.Build.0 = Debug|Any CPU
		{98078549-A243-4062-B2D1-242B49BF71BC}.Debug|x86.ActiveCfg = Debug|Any CPU
		{98078549-A243-4062-B2D1-242B49BF71BC}.Debug|x86.Build.0 = Debug|Any CPU
		{98078549-A243-4062-B2D1-242B49BF71BC}.Release|Any CPU.ActiveCfg = Release|Any CPU
		{98078549-A243-4062-B2D1-242B49BF71BC}.Release|Any CPU.Build.0 = Release|Any CPU
		{98078549-A243-4062-B2D1-242B49BF71BC}.Release|x64.ActiveCfg = Release|Any CPU
		{98078549-A243-4062-B2D1-242B49BF71BC}.Release|x64.Build.0 = Release|Any CPU
		{98078549-A243-4062-B2D1-242B49BF71BC}.Release|x86.ActiveCfg = Release|Any CPU
		{98078549-A243-4062-B2D1-242B49BF71BC}.Release|x86.Build.0 = Release|Any CPU
		{4A3447C3-A9A7-4503-A7D3-61DCFCE84DCD}.Debug|Any CPU.ActiveCfg = Debug|Any CPU
		{4A3447C3-A9A7-4503-A7D3-61DCFCE84DCD}.Debug|Any CPU.Build.0 = Debug|Any CPU
		{4A3447C3-A9A7-4503-A7D3-61DCFCE84DCD}.Debug|x64.ActiveCfg = Debug|x64
		{4A3447C3-A9A7-4503-A7D3-61DCFCE84DCD}.Debug|x64.Build.0 = Debug|x64
		{4A3447C3-A9A7-4503-A7D3-61DCFCE84DCD}.Debug|x86.ActiveCfg = Debug|x86
		{4A3447C3-A9A7-4503-A7D3-61DCFCE84DCD}.Debug|x86.Build.0 = Debug|x86
		{4A3447C3-A9A7-4503-A7D3-61DCFCE84DCD}.Release|Any CPU.ActiveCfg = Release|Any CPU
		{4A3447C3-A9A7-4503-A7D3-61DCFCE84DCD}.Release|Any CPU.Build.0 = Release|Any CPU
		{4A3447C3-A9A7-4503-A7D3-61DCFCE84DCD}.Release|x64.ActiveCfg = Release|x64
		{4A3447C3-A9A7-4503-A7D3-61DCFCE84DCD}.Release|x64.Build.0 = Release|x64
		{4A3447C3-A9A7-4503-A7D3-61DCFCE84DCD}.Release|x86.ActiveCfg = Release|x86
		{4A3447C3-A9A7-4503-A7D3-61DCFCE84DCD}.Release|x86.Build.0 = Release|x86
		{5778F282-A4C8-4A97-A790-9E7005C5F9E7}.Debug|Any CPU.ActiveCfg = Debug|Any CPU
		{5778F282-A4C8-4A97-A790-9E7005C5F9E7}.Debug|Any CPU.Build.0 = Debug|Any CPU
		{5778F282-A4C8-4A97-A790-9E7005C5F9E7}.Debug|x64.ActiveCfg = Debug|Any CPU
		{5778F282-A4C8-4A97-A790-9E7005C5F9E7}.Debug|x64.Build.0 = Debug|Any CPU
		{5778F282-A4C8-4A97-A790-9E7005C5F9E7}.Debug|x86.ActiveCfg = Debug|Any CPU
		{5778F282-A4C8-4A97-A790-9E7005C5F9E7}.Debug|x86.Build.0 = Debug|Any CPU
		{5778F282-A4C8-4A97-A790-9E7005C5F9E7}.Release|Any CPU.ActiveCfg = Release|Any CPU
		{5778F282-A4C8-4A97-A790-9E7005C5F9E7}.Release|Any CPU.Build.0 = Release|Any CPU
		{5778F282-A4C8-4A97-A790-9E7005C5F9E7}.Release|x64.ActiveCfg = Release|Any CPU
		{5778F282-A4C8-4A97-A790-9E7005C5F9E7}.Release|x64.Build.0 = Release|Any CPU
		{5778F282-A4C8-4A97-A790-9E7005C5F9E7}.Release|x86.ActiveCfg = Release|Any CPU
		{5778F282-A4C8-4A97-A790-9E7005C5F9E7}.Release|x86.Build.0 = Release|Any CPU
		{4879947E-304A-4CBA-A3DF-7E1A540766A4}.Debug|Any CPU.ActiveCfg = Debug|Any CPU
		{4879947E-304A-4CBA-A3DF-7E1A540766A4}.Debug|Any CPU.Build.0 = Debug|Any CPU
		{4879947E-304A-4CBA-A3DF-7E1A540766A4}.Debug|x64.ActiveCfg = Debug|Any CPU
		{4879947E-304A-4CBA-A3DF-7E1A540766A4}.Debug|x64.Build.0 = Debug|Any CPU
		{4879947E-304A-4CBA-A3DF-7E1A540766A4}.Debug|x86.ActiveCfg = Debug|Any CPU
		{4879947E-304A-4CBA-A3DF-7E1A540766A4}.Debug|x86.Build.0 = Debug|Any CPU
		{4879947E-304A-4CBA-A3DF-7E1A540766A4}.Release|Any CPU.ActiveCfg = Release|Any CPU
		{4879947E-304A-4CBA-A3DF-7E1A540766A4}.Release|Any CPU.Build.0 = Release|Any CPU
		{4879947E-304A-4CBA-A3DF-7E1A540766A4}.Release|x64.ActiveCfg = Release|Any CPU
		{4879947E-304A-4CBA-A3DF-7E1A540766A4}.Release|x64.Build.0 = Release|Any CPU
		{4879947E-304A-4CBA-A3DF-7E1A540766A4}.Release|x86.ActiveCfg = Release|Any CPU
		{4879947E-304A-4CBA-A3DF-7E1A540766A4}.Release|x86.Build.0 = Release|Any CPU
	EndGlobalSection
	GlobalSection(SolutionProperties) = preSolution
		HideSolutionNode = FALSE
	EndGlobalSection
	GlobalSection(SubversionScc) = preSolution
		Svn-Managed = True
		Manager = AnkhSVN - Subversion Support for Visual Studio
	EndGlobalSection
EndGlobal
